// !$*UTF8*$!
{
	archiveVersion = 1;
	classes = {
	};
	objectVersion = 56;
	objects = {

/* Begin PBXBuildFile section */
		D9126B9E2BB225C800FDE83F /* HapticOptionsSelection.swift in Sources */ = {isa = PBXBuildFile; fileRef = D9126B9D2BB225C800FDE83F /* HapticOptionsSelection.swift */; };
		D91CAC8D2BBEAF48006C6B3F /* Kingfisher in Frameworks */ = {isa = PBXBuildFile; productRef = D91CAC8C2BBEAF48006C6B3F /* Kingfisher */; };
		D926DB402BB34FCD007D97DB /* HapticManager.swift in Sources */ = {isa = PBXBuildFile; fileRef = D926DB3F2BB34FCD007D97DB /* HapticManager.swift */; };
		D9679D3A2BB02B58009F99CB /* HapticFeedBackPOCApp.swift in Sources */ = {isa = PBXBuildFile; fileRef = D9679D392BB02B58009F99CB /* HapticFeedBackPOCApp.swift */; };
		D9679D3C2BB02B58009F99CB /* ContentView.swift in Sources */ = {isa = PBXBuildFile; fileRef = D9679D3B2BB02B58009F99CB /* ContentView.swift */; };
		D9679D3E2BB02B5B009F99CB /* Assets.xcassets in Resources */ = {isa = PBXBuildFile; fileRef = D9679D3D2BB02B5B009F99CB /* Assets.xcassets */; };
		D9679D412BB02B5B009F99CB /* Preview Assets.xcassets in Resources */ = {isa = PBXBuildFile; fileRef = D9679D402BB02B5B009F99CB /* Preview Assets.xcassets */; };
		D9679D4B2BB02B5B009F99CB /* HapticFeedBackPOCTests.swift in Sources */ = {isa = PBXBuildFile; fileRef = D9679D4A2BB02B5B009F99CB /* HapticFeedBackPOCTests.swift */; };
		D9679D552BB02B5C009F99CB /* HapticFeedBackPOCUITests.swift in Sources */ = {isa = PBXBuildFile; fileRef = D9679D542BB02B5C009F99CB /* HapticFeedBackPOCUITests.swift */; };
		D9679D572BB02B5C009F99CB /* HapticFeedBackPOCUITestsLaunchTests.swift in Sources */ = {isa = PBXBuildFile; fileRef = D9679D562BB02B5C009F99CB /* HapticFeedBackPOCUITestsLaunchTests.swift */; };
		D9679D692BB02C6C009F99CB /* LottieForSwiftUI in Frameworks */ = {isa = PBXBuildFile; productRef = D9679D682BB02C6C009F99CB /* LottieForSwiftUI */; };
		D98C79152BB20908007D1413 /* ImagePicker.swift in Sources */ = {isa = PBXBuildFile; fileRef = D98C79142BB20908007D1413 /* ImagePicker.swift */; };
		D9B9F25F2BB433CA002611EC /* Inflate.ahap in Resources */ = {isa = PBXBuildFile; fileRef = D9B9F25E2BB433CA002611EC /* Inflate.ahap */; };
		D9CE2CE82BBB63AD000B04C0 /* SDWebImageSwiftUI in Frameworks */ = {isa = PBXBuildFile; productRef = D9CE2CE72BBB63AD000B04C0 /* SDWebImageSwiftUI */; };
		D9F00B022BB81EA50096E363 /* animationTest.json in Resources */ = {isa = PBXBuildFile; fileRef = D9F00B012BB81EA50096E363 /* animationTest.json */; };
/* End PBXBuildFile section */

/* Begin PBXContainerItemProxy section */
		D9679D472BB02B5B009F99CB /* PBXContainerItemProxy */ = {
			isa = PBXContainerItemProxy;
			containerPortal = D9679D2E2BB02B58009F99CB /* Project object */;
			proxyType = 1;
			remoteGlobalIDString = D9679D352BB02B58009F99CB;
			remoteInfo = HapticFeedBackPOC;
		};
		D9679D512BB02B5B009F99CB /* PBXContainerItemProxy */ = {
			isa = PBXContainerItemProxy;
			containerPortal = D9679D2E2BB02B58009F99CB /* Project object */;
			proxyType = 1;
			remoteGlobalIDString = D9679D352BB02B58009F99CB;
			remoteInfo = HapticFeedBackPOC;
		};
/* End PBXContainerItemProxy section */

/* Begin PBXFileReference section */
		D9126B9D2BB225C800FDE83F /* HapticOptionsSelection.swift */ = {isa = PBXFileReference; lastKnownFileType = sourcecode.swift; path = HapticOptionsSelection.swift; sourceTree = "<group>"; };
		D926DB3F2BB34FCD007D97DB /* HapticManager.swift */ = {isa = PBXFileReference; lastKnownFileType = sourcecode.swift; path = HapticManager.swift; sourceTree = "<group>"; };
		D9679D362BB02B58009F99CB /* HapticFeedBackPOC.app */ = {isa = PBXFileReference; explicitFileType = wrapper.application; includeInIndex = 0; path = HapticFeedBackPOC.app; sourceTree = BUILT_PRODUCTS_DIR; };
		D9679D392BB02B58009F99CB /* HapticFeedBackPOCApp.swift */ = {isa = PBXFileReference; lastKnownFileType = sourcecode.swift; path = HapticFeedBackPOCApp.swift; sourceTree = "<group>"; };
		D9679D3B2BB02B58009F99CB /* ContentView.swift */ = {isa = PBXFileReference; lastKnownFileType = sourcecode.swift; path = ContentView.swift; sourceTree = "<group>"; };
		D9679D3D2BB02B5B009F99CB /* Assets.xcassets */ = {isa = PBXFileReference; lastKnownFileType = folder.assetcatalog; path = Assets.xcassets; sourceTree = "<group>"; };
		D9679D402BB02B5B009F99CB /* Preview Assets.xcassets */ = {isa = PBXFileReference; lastKnownFileType = folder.assetcatalog; path = "Preview Assets.xcassets"; sourceTree = "<group>"; };
		D9679D462BB02B5B009F99CB /* HapticFeedBackPOCTests.xctest */ = {isa = PBXFileReference; explicitFileType = wrapper.cfbundle; includeInIndex = 0; path = HapticFeedBackPOCTests.xctest; sourceTree = BUILT_PRODUCTS_DIR; };
		D9679D4A2BB02B5B009F99CB /* HapticFeedBackPOCTests.swift */ = {isa = PBXFileReference; lastKnownFileType = sourcecode.swift; path = HapticFeedBackPOCTests.swift; sourceTree = "<group>"; };
		D9679D502BB02B5B009F99CB /* HapticFeedBackPOCUITests.xctest */ = {isa = PBXFileReference; explicitFileType = wrapper.cfbundle; includeInIndex = 0; path = HapticFeedBackPOCUITests.xctest; sourceTree = BUILT_PRODUCTS_DIR; };
		D9679D542BB02B5C009F99CB /* HapticFeedBackPOCUITests.swift */ = {isa = PBXFileReference; lastKnownFileType = sourcecode.swift; path = HapticFeedBackPOCUITests.swift; sourceTree = "<group>"; };
		D9679D562BB02B5C009F99CB /* HapticFeedBackPOCUITestsLaunchTests.swift */ = {isa = PBXFileReference; lastKnownFileType = sourcecode.swift; path = HapticFeedBackPOCUITestsLaunchTests.swift; sourceTree = "<group>"; };
		D98C79142BB20908007D1413 /* ImagePicker.swift */ = {isa = PBXFileReference; lastKnownFileType = sourcecode.swift; path = ImagePicker.swift; sourceTree = "<group>"; };
		D9B340452BB5F15800804C00 /* Info.plist */ = {isa = PBXFileReference; lastKnownFileType = text.plist; path = Info.plist; sourceTree = "<group>"; };
		D9B9F25E2BB433CA002611EC /* Inflate.ahap */ = {isa = PBXFileReference; fileEncoding = 4; lastKnownFileType = text; path = Inflate.ahap; sourceTree = "<group>"; };
		D9F00B012BB81EA50096E363 /* animationTest.json */ = {isa = PBXFileReference; fileEncoding = 4; lastKnownFileType = text.json; path = animationTest.json; sourceTree = "<group>"; };
/* End PBXFileReference section */

/* Begin PBXFrameworksBuildPhase section */
		D9679D332BB02B58009F99CB /* Frameworks */ = {
			isa = PBXFrameworksBuildPhase;
			buildActionMask = 2147483647;
			files = (
				D91CAC8D2BBEAF48006C6B3F /* Kingfisher in Frameworks */,
				D9CE2CE82BBB63AD000B04C0 /* SDWebImageSwiftUI in Frameworks */,
				D9679D692BB02C6C009F99CB /* LottieForSwiftUI in Frameworks */,
			);
			runOnlyForDeploymentPostprocessing = 0;
		};
		D9679D432BB02B5B009F99CB /* Frameworks */ = {
			isa = PBXFrameworksBuildPhase;
			buildActionMask = 2147483647;
			files = (
			);
			runOnlyForDeploymentPostprocessing = 0;
		};
		D9679D4D2BB02B5B009F99CB /* Frameworks */ = {
			isa = PBXFrameworksBuildPhase;
			buildActionMask = 2147483647;
			files = (
			);
			runOnlyForDeploymentPostprocessing = 0;
		};
/* End PBXFrameworksBuildPhase section */

/* Begin PBXGroup section */
		D926DB412BB34FD3007D97DB /* Manager */ = {
			isa = PBXGroup;
			children = (
				D926DB3F2BB34FCD007D97DB /* HapticManager.swift */,
			);
			path = Manager;
			sourceTree = "<group>";
		};
		D926DB422BB34FE4007D97DB /* Views */ = {
			isa = PBXGroup;
			children = (
				D9679D3B2BB02B58009F99CB /* ContentView.swift */,
				D9126B9D2BB225C800FDE83F /* HapticOptionsSelection.swift */,
			);
			path = Views;
			sourceTree = "<group>";
		};
		D926DB432BB34FF4007D97DB /* App */ = {
			isa = PBXGroup;
			children = (
				D9679D392BB02B58009F99CB /* HapticFeedBackPOCApp.swift */,
			);
			path = App;
			sourceTree = "<group>";
		};
		D926DB442BB35001007D97DB /* Helper */ = {
			isa = PBXGroup;
			children = (
				D98C79142BB20908007D1413 /* ImagePicker.swift */,
			);
			path = Helper;
			sourceTree = "<group>";
		};
		D9679D2D2BB02B58009F99CB = {
			isa = PBXGroup;
			children = (
				D9679D382BB02B58009F99CB /* HapticFeedBackPOC */,
				D9679D492BB02B5B009F99CB /* HapticFeedBackPOCTests */,
				D9679D532BB02B5C009F99CB /* HapticFeedBackPOCUITests */,
				D9679D372BB02B58009F99CB /* Products */,
			);
			sourceTree = "<group>";
		};
		D9679D372BB02B58009F99CB /* Products */ = {
			isa = PBXGroup;
			children = (
				D9679D362BB02B58009F99CB /* HapticFeedBackPOC.app */,
				D9679D462BB02B5B009F99CB /* HapticFeedBackPOCTests.xctest */,
				D9679D502BB02B5B009F99CB /* HapticFeedBackPOCUITests.xctest */,
			);
			name = Products;
			sourceTree = "<group>";
		};
		D9679D382BB02B58009F99CB /* HapticFeedBackPOC */ = {
			isa = PBXGroup;
			children = (
				D9B340452BB5F15800804C00 /* Info.plist */,
				D9B9F25E2BB433CA002611EC /* Inflate.ahap */,
				D9F00B012BB81EA50096E363 /* animationTest.json */,
				D926DB442BB35001007D97DB /* Helper */,
				D926DB432BB34FF4007D97DB /* App */,
				D926DB422BB34FE4007D97DB /* Views */,
				D926DB412BB34FD3007D97DB /* Manager */,
				D9679D3D2BB02B5B009F99CB /* Assets.xcassets */,
				D9679D3F2BB02B5B009F99CB /* Preview Content */,
			);
			path = HapticFeedBackPOC;
			sourceTree = "<group>";
		};
		D9679D3F2BB02B5B009F99CB /* Preview Content */ = {
			isa = PBXGroup;
			children = (
				D9679D402BB02B5B009F99CB /* Preview Assets.xcassets */,
			);
			path = "Preview Content";
			sourceTree = "<group>";
		};
		D9679D492BB02B5B009F99CB /* HapticFeedBackPOCTests */ = {
			isa = PBXGroup;
			children = (
				D9679D4A2BB02B5B009F99CB /* HapticFeedBackPOCTests.swift */,
			);
			path = HapticFeedBackPOCTests;
			sourceTree = "<group>";
		};
		D9679D532BB02B5C009F99CB /* HapticFeedBackPOCUITests */ = {
			isa = PBXGroup;
			children = (
				D9679D542BB02B5C009F99CB /* HapticFeedBackPOCUITests.swift */,
				D9679D562BB02B5C009F99CB /* HapticFeedBackPOCUITestsLaunchTests.swift */,
			);
			path = HapticFeedBackPOCUITests;
			sourceTree = "<group>";
		};
/* End PBXGroup section */

/* Begin PBXNativeTarget section */
		D9679D352BB02B58009F99CB /* HapticFeedBackPOC */ = {
			isa = PBXNativeTarget;
			buildConfigurationList = D9679D5A2BB02B5C009F99CB /* Build configuration list for PBXNativeTarget "HapticFeedBackPOC" */;
			buildPhases = (
				D9679D322BB02B58009F99CB /* Sources */,
				D9679D332BB02B58009F99CB /* Frameworks */,
				D9679D342BB02B58009F99CB /* Resources */,
			);
			buildRules = (
			);
			dependencies = (
			);
			name = HapticFeedBackPOC;
			packageProductDependencies = (
				D9679D682BB02C6C009F99CB /* LottieForSwiftUI */,
				D9CE2CE72BBB63AD000B04C0 /* SDWebImageSwiftUI */,
				D91CAC8C2BBEAF48006C6B3F /* Kingfisher */,
			);
			productName = HapticFeedBackPOC;
			productReference = D9679D362BB02B58009F99CB /* HapticFeedBackPOC.app */;
			productType = "com.apple.product-type.application";
		};
		D9679D452BB02B5B009F99CB /* HapticFeedBackPOCTests */ = {
			isa = PBXNativeTarget;
			buildConfigurationList = D9679D5D2BB02B5C009F99CB /* Build configuration list for PBXNativeTarget "HapticFeedBackPOCTests" */;
			buildPhases = (
				D9679D422BB02B5B009F99CB /* Sources */,
				D9679D432BB02B5B009F99CB /* Frameworks */,
				D9679D442BB02B5B009F99CB /* Resources */,
			);
			buildRules = (
			);
			dependencies = (
				D9679D482BB02B5B009F99CB /* PBXTargetDependency */,
			);
			name = HapticFeedBackPOCTests;
			productName = HapticFeedBackPOCTests;
			productReference = D9679D462BB02B5B009F99CB /* HapticFeedBackPOCTests.xctest */;
			productType = "com.apple.product-type.bundle.unit-test";
		};
		D9679D4F2BB02B5B009F99CB /* HapticFeedBackPOCUITests */ = {
			isa = PBXNativeTarget;
			buildConfigurationList = D9679D602BB02B5C009F99CB /* Build configuration list for PBXNativeTarget "HapticFeedBackPOCUITests" */;
			buildPhases = (
				D9679D4C2BB02B5B009F99CB /* Sources */,
				D9679D4D2BB02B5B009F99CB /* Frameworks */,
				D9679D4E2BB02B5B009F99CB /* Resources */,
			);
			buildRules = (
			);
			dependencies = (
				D9679D522BB02B5B009F99CB /* PBXTargetDependency */,
			);
			name = HapticFeedBackPOCUITests;
			productName = HapticFeedBackPOCUITests;
			productReference = D9679D502BB02B5B009F99CB /* HapticFeedBackPOCUITests.xctest */;
			productType = "com.apple.product-type.bundle.ui-testing";
		};
/* End PBXNativeTarget section */

/* Begin PBXProject section */
		D9679D2E2BB02B58009F99CB /* Project object */ = {
			isa = PBXProject;
			attributes = {
				BuildIndependentTargetsInParallel = 1;
				LastSwiftUpdateCheck = 1500;
				LastUpgradeCheck = 1500;
				TargetAttributes = {
					D9679D352BB02B58009F99CB = {
						CreatedOnToolsVersion = 15.0;
					};
					D9679D452BB02B5B009F99CB = {
						CreatedOnToolsVersion = 15.0;
						TestTargetID = D9679D352BB02B58009F99CB;
					};
					D9679D4F2BB02B5B009F99CB = {
						CreatedOnToolsVersion = 15.0;
						TestTargetID = D9679D352BB02B58009F99CB;
					};
				};
			};
			buildConfigurationList = D9679D312BB02B58009F99CB /* Build configuration list for PBXProject "HapticFeedBackPOC" */;
			compatibilityVersion = "Xcode 14.0";
			developmentRegion = en;
			hasScannedForEncodings = 0;
			knownRegions = (
				en,
				Base,
			);
			mainGroup = D9679D2D2BB02B58009F99CB;
			packageReferences = (
				D9679D672BB02C6C009F99CB /* XCRemoteSwiftPackageReference "LottieForSwiftUI" */,
				D9CE2CE62BBB63AD000B04C0 /* XCRemoteSwiftPackageReference "SDWebImageSwiftUI" */,
				D91CAC8B2BBEAF48006C6B3F /* XCRemoteSwiftPackageReference "Kingfisher" */,
			);
			productRefGroup = D9679D372BB02B58009F99CB /* Products */;
			projectDirPath = "";
			projectRoot = "";
			targets = (
				D9679D352BB02B58009F99CB /* HapticFeedBackPOC */,
				D9679D452BB02B5B009F99CB /* HapticFeedBackPOCTests */,
				D9679D4F2BB02B5B009F99CB /* HapticFeedBackPOCUITests */,
			);
		};
/* End PBXProject section */

/* Begin PBXResourcesBuildPhase section */
		D9679D342BB02B58009F99CB /* Resources */ = {
			isa = PBXResourcesBuildPhase;
			buildActionMask = 2147483647;
			files = (
				D9679D412BB02B5B009F99CB /* Preview Assets.xcassets in Resources */,
				D9B9F25F2BB433CA002611EC /* Inflate.ahap in Resources */,
				D9F00B022BB81EA50096E363 /* animationTest.json in Resources */,
				D9679D3E2BB02B5B009F99CB /* Assets.xcassets in Resources */,
			);
			runOnlyForDeploymentPostprocessing = 0;
		};
		D9679D442BB02B5B009F99CB /* Resources */ = {
			isa = PBXResourcesBuildPhase;
			buildActionMask = 2147483647;
			files = (
			);
			runOnlyForDeploymentPostprocessing = 0;
		};
		D9679D4E2BB02B5B009F99CB /* Resources */ = {
			isa = PBXResourcesBuildPhase;
			buildActionMask = 2147483647;
			files = (
			);
			runOnlyForDeploymentPostprocessing = 0;
		};
/* End PBXResourcesBuildPhase section */

/* Begin PBXSourcesBuildPhase section */
		D9679D322BB02B58009F99CB /* Sources */ = {
			isa = PBXSourcesBuildPhase;
			buildActionMask = 2147483647;
			files = (
				D98C79152BB20908007D1413 /* ImagePicker.swift in Sources */,
				D9126B9E2BB225C800FDE83F /* HapticOptionsSelection.swift in Sources */,
				D9679D3C2BB02B58009F99CB /* ContentView.swift in Sources */,
				D926DB402BB34FCD007D97DB /* HapticManager.swift in Sources */,
				D9679D3A2BB02B58009F99CB /* HapticFeedBackPOCApp.swift in Sources */,
			);
			runOnlyForDeploymentPostprocessing = 0;
		};
		D9679D422BB02B5B009F99CB /* Sources */ = {
			isa = PBXSourcesBuildPhase;
			buildActionMask = 2147483647;
			files = (
				D9679D4B2BB02B5B009F99CB /* HapticFeedBackPOCTests.swift in Sources */,
			);
			runOnlyForDeploymentPostprocessing = 0;
		};
		D9679D4C2BB02B5B009F99CB /* Sources */ = {
			isa = PBXSourcesBuildPhase;
			buildActionMask = 2147483647;
			files = (
				D9679D552BB02B5C009F99CB /* HapticFeedBackPOCUITests.swift in Sources */,
				D9679D572BB02B5C009F99CB /* HapticFeedBackPOCUITestsLaunchTests.swift in Sources */,
			);
			runOnlyForDeploymentPostprocessing = 0;
		};
/* End PBXSourcesBuildPhase section */

/* Begin PBXTargetDependency section */
		D9679D482BB02B5B009F99CB /* PBXTargetDependency */ = {
			isa = PBXTargetDependency;
			target = D9679D352BB02B58009F99CB /* HapticFeedBackPOC */;
			targetProxy = D9679D472BB02B5B009F99CB /* PBXContainerItemProxy */;
		};
		D9679D522BB02B5B009F99CB /* PBXTargetDependency */ = {
			isa = PBXTargetDependency;
			target = D9679D352BB02B58009F99CB /* HapticFeedBackPOC */;
			targetProxy = D9679D512BB02B5B009F99CB /* PBXContainerItemProxy */;
		};
/* End PBXTargetDependency section */

/* Begin XCBuildConfiguration section */
		D9679D582BB02B5C009F99CB /* Debug */ = {
			isa = XCBuildConfiguration;
			buildSettings = {
				ALWAYS_SEARCH_USER_PATHS = NO;
				ASSETCATALOG_COMPILER_GENERATE_SWIFT_ASSET_SYMBOL_EXTENSIONS = YES;
				CLANG_ANALYZER_NONNULL = YES;
				CLANG_ANALYZER_NUMBER_OBJECT_CONVERSION = YES_AGGRESSIVE;
				CLANG_CXX_LANGUAGE_STANDARD = "gnu++20";
				CLANG_ENABLE_MODULES = YES;
				CLANG_ENABLE_OBJC_ARC = YES;
				CLANG_ENABLE_OBJC_WEAK = YES;
				CLANG_WARN_BLOCK_CAPTURE_AUTORELEASING = YES;
				CLANG_WARN_BOOL_CONVERSION = YES;
				CLANG_WARN_COMMA = YES;
				CLANG_WARN_CONSTANT_CONVERSION = YES;
				CLANG_WARN_DEPRECATED_OBJC_IMPLEMENTATIONS = YES;
				CLANG_WARN_DIRECT_OBJC_ISA_USAGE = YES_ERROR;
				CLANG_WARN_DOCUMENTATION_COMMENTS = YES;
				CLANG_WARN_EMPTY_BODY = YES;
				CLANG_WARN_ENUM_CONVERSION = YES;
				CLANG_WARN_INFINITE_RECURSION = YES;
				CLANG_WARN_INT_CONVERSION = YES;
				CLANG_WARN_NON_LITERAL_NULL_CONVERSION = YES;
				CLANG_WARN_OBJC_IMPLICIT_RETAIN_SELF = YES;
				CLANG_WARN_OBJC_LITERAL_CONVERSION = YES;
				CLANG_WARN_OBJC_ROOT_CLASS = YES_ERROR;
				CLANG_WARN_QUOTED_INCLUDE_IN_FRAMEWORK_HEADER = YES;
				CLANG_WARN_RANGE_LOOP_ANALYSIS = YES;
				CLANG_WARN_STRICT_PROTOTYPES = YES;
				CLANG_WARN_SUSPICIOUS_MOVE = YES;
				CLANG_WARN_UNGUARDED_AVAILABILITY = YES_AGGRESSIVE;
				CLANG_WARN_UNREACHABLE_CODE = YES;
				CLANG_WARN__DUPLICATE_METHOD_MATCH = YES;
				COPY_PHASE_STRIP = NO;
				DEBUG_INFORMATION_FORMAT = dwarf;
				ENABLE_STRICT_OBJC_MSGSEND = YES;
				ENABLE_TESTABILITY = YES;
				ENABLE_USER_SCRIPT_SANDBOXING = YES;
				GCC_C_LANGUAGE_STANDARD = gnu17;
				GCC_DYNAMIC_NO_PIC = NO;
				GCC_NO_COMMON_BLOCKS = YES;
				GCC_OPTIMIZATION_LEVEL = 0;
				GCC_PREPROCESSOR_DEFINITIONS = (
					"DEBUG=1",
					"$(inherited)",
				);
				GCC_WARN_64_TO_32_BIT_CONVERSION = YES;
				GCC_WARN_ABOUT_RETURN_TYPE = YES_ERROR;
				GCC_WARN_UNDECLARED_SELECTOR = YES;
				GCC_WARN_UNINITIALIZED_AUTOS = YES_AGGRESSIVE;
				GCC_WARN_UNUSED_FUNCTION = YES;
				GCC_WARN_UNUSED_VARIABLE = YES;
				IPHONEOS_DEPLOYMENT_TARGET = 16.0;
				LOCALIZATION_PREFERS_STRING_CATALOGS = YES;
				MTL_ENABLE_DEBUG_INFO = INCLUDE_SOURCE;
				MTL_FAST_MATH = YES;
				ONLY_ACTIVE_ARCH = YES;
				SDKROOT = iphoneos;
				SWIFT_ACTIVE_COMPILATION_CONDITIONS = "DEBUG $(inherited)";
				SWIFT_OPTIMIZATION_LEVEL = "-Onone";
			};
			name = Debug;
		};
		D9679D592BB02B5C009F99CB /* Release */ = {
			isa = XCBuildConfiguration;
			buildSettings = {
				ALWAYS_SEARCH_USER_PATHS = NO;
				ASSETCATALOG_COMPILER_GENERATE_SWIFT_ASSET_SYMBOL_EXTENSIONS = YES;
				CLANG_ANALYZER_NONNULL = YES;
				CLANG_ANALYZER_NUMBER_OBJECT_CONVERSION = YES_AGGRESSIVE;
				CLANG_CXX_LANGUAGE_STANDARD = "gnu++20";
				CLANG_ENABLE_MODULES = YES;
				CLANG_ENABLE_OBJC_ARC = YES;
				CLANG_ENABLE_OBJC_WEAK = YES;
				CLANG_WARN_BLOCK_CAPTURE_AUTORELEASING = YES;
				CLANG_WARN_BOOL_CONVERSION = YES;
				CLANG_WARN_COMMA = YES;
				CLANG_WARN_CONSTANT_CONVERSION = YES;
				CLANG_WARN_DEPRECATED_OBJC_IMPLEMENTATIONS = YES;
				CLANG_WARN_DIRECT_OBJC_ISA_USAGE = YES_ERROR;
				CLANG_WARN_DOCUMENTATION_COMMENTS = YES;
				CLANG_WARN_EMPTY_BODY = YES;
				CLANG_WARN_ENUM_CONVERSION = YES;
				CLANG_WARN_INFINITE_RECURSION = YES;
				CLANG_WARN_INT_CONVERSION = YES;
				CLANG_WARN_NON_LITERAL_NULL_CONVERSION = YES;
				CLANG_WARN_OBJC_IMPLICIT_RETAIN_SELF = YES;
				CLANG_WARN_OBJC_LITERAL_CONVERSION = YES;
				CLANG_WARN_OBJC_ROOT_CLASS = YES_ERROR;
				CLANG_WARN_QUOTED_INCLUDE_IN_FRAMEWORK_HEADER = YES;
				CLANG_WARN_RANGE_LOOP_ANALYSIS = YES;
				CLANG_WARN_STRICT_PROTOTYPES = YES;
				CLANG_WARN_SUSPICIOUS_MOVE = YES;
				CLANG_WARN_UNGUARDED_AVAILABILITY = YES_AGGRESSIVE;
				CLANG_WARN_UNREACHABLE_CODE = YES;
				CLANG_WARN__DUPLICATE_METHOD_MATCH = YES;
				COPY_PHASE_STRIP = NO;
				DEBUG_INFORMATION_FORMAT = "dwarf-with-dsym";
				ENABLE_NS_ASSERTIONS = NO;
				ENABLE_STRICT_OBJC_MSGSEND = YES;
				ENABLE_USER_SCRIPT_SANDBOXING = YES;
				GCC_C_LANGUAGE_STANDARD = gnu17;
				GCC_NO_COMMON_BLOCKS = YES;
				GCC_WARN_64_TO_32_BIT_CONVERSION = YES;
				GCC_WARN_ABOUT_RETURN_TYPE = YES_ERROR;
				GCC_WARN_UNDECLARED_SELECTOR = YES;
				GCC_WARN_UNINITIALIZED_AUTOS = YES_AGGRESSIVE;
				GCC_WARN_UNUSED_FUNCTION = YES;
				GCC_WARN_UNUSED_VARIABLE = YES;
				IPHONEOS_DEPLOYMENT_TARGET = 16.0;
				LOCALIZATION_PREFERS_STRING_CATALOGS = YES;
				MTL_ENABLE_DEBUG_INFO = NO;
				MTL_FAST_MATH = YES;
				SDKROOT = iphoneos;
				SWIFT_COMPILATION_MODE = wholemodule;
				VALIDATE_PRODUCT = YES;
			};
			name = Release;
		};
		D9679D5B2BB02B5C009F99CB /* Debug */ = {
			isa = XCBuildConfiguration;
			buildSettings = {
				ASSETCATALOG_COMPILER_APPICON_NAME = AppIcon;
				ASSETCATALOG_COMPILER_GLOBAL_ACCENT_COLOR_NAME = AccentColor;
				CODE_SIGN_STYLE = Automatic;
				CURRENT_PROJECT_VERSION = 1;
				DEVELOPMENT_ASSET_PATHS = "\"HapticFeedBackPOC/Preview Content\"";
				DEVELOPMENT_TEAM = 9KZV583SL8;
				ENABLE_APP_SANDBOX = NO;
				ENABLE_PREVIEWS = YES;
				ENABLE_USER_SELECTED_FILES = "";
				GENERATE_INFOPLIST_FILE = YES;
				INFOPLIST_FILE = HapticFeedBackPOC/Info.plist;
				INFOPLIST_KEY_NSDesktopFolderUsageDescription = "Requires access to your desktop to use files.";
				INFOPLIST_KEY_NSDocumentsFolderUsageDescription = "Requires access to your documents to use files.";
				INFOPLIST_KEY_NSDownloadsFolderUsageDescription = "Requires access to your downloads to use files.";
				INFOPLIST_KEY_NSFileProviderDomainUsageDescription = "Requires access to your file provider to use.";
				INFOPLIST_KEY_NSFileProviderPresenceUsageDescription = Test;
				INFOPLIST_KEY_NSPhotoLibraryUsageDescription = "Requires access to your photo library for selecting photos.";
				INFOPLIST_KEY_UIApplicationSceneManifest_Generation = YES;
				INFOPLIST_KEY_UIApplicationSupportsIndirectInputEvents = YES;
				INFOPLIST_KEY_UILaunchScreen_Generation = YES;
				INFOPLIST_KEY_UISupportedInterfaceOrientations_iPad = "UIInterfaceOrientationPortrait UIInterfaceOrientationPortraitUpsideDown UIInterfaceOrientationLandscapeLeft UIInterfaceOrientationLandscapeRight";
				INFOPLIST_KEY_UISupportedInterfaceOrientations_iPhone = "UIInterfaceOrientationPortrait UIInterfaceOrientationLandscapeLeft UIInterfaceOrientationLandscapeRight";
				IPHONEOS_DEPLOYMENT_TARGET = 16.0;
				LD_RUNPATH_SEARCH_PATHS = (
					"$(inherited)",
					"@executable_path/Frameworks",
				);
				MARKETING_VERSION = 1.0;
				PRODUCT_BUNDLE_IDENTIFIER = com.HapticTest.HapticFeedBack;
				PRODUCT_NAME = "$(TARGET_NAME)";
				SWIFT_EMIT_LOC_STRINGS = YES;
				SWIFT_VERSION = 5.0;
				TARGETED_DEVICE_FAMILY = "1,2";
			};
			name = Debug;
		};
		D9679D5C2BB02B5C009F99CB /* Release */ = {
			isa = XCBuildConfiguration;
			buildSettings = {
				ASSETCATALOG_COMPILER_APPICON_NAME = AppIcon;
				ASSETCATALOG_COMPILER_GLOBAL_ACCENT_COLOR_NAME = AccentColor;
				CODE_SIGN_STYLE = Automatic;
				CURRENT_PROJECT_VERSION = 1;
				DEVELOPMENT_ASSET_PATHS = "\"HapticFeedBackPOC/Preview Content\"";
				DEVELOPMENT_TEAM = 9KZV583SL8;
				ENABLE_APP_SANDBOX = NO;
				ENABLE_PREVIEWS = YES;
				ENABLE_USER_SELECTED_FILES = "";
				GENERATE_INFOPLIST_FILE = YES;
				INFOPLIST_FILE = HapticFeedBackPOC/Info.plist;
				INFOPLIST_KEY_NSDesktopFolderUsageDescription = "Requires access to your desktop to use files.";
				INFOPLIST_KEY_NSDocumentsFolderUsageDescription = "Requires access to your documents to use files.";
				INFOPLIST_KEY_NSDownloadsFolderUsageDescription = "Requires access to your downloads to use files.";
				INFOPLIST_KEY_NSFileProviderDomainUsageDescription = "Requires access to your file provider to use.";
				INFOPLIST_KEY_NSFileProviderPresenceUsageDescription = Test;
				INFOPLIST_KEY_NSPhotoLibraryUsageDescription = "Requires access to your photo library for selecting photos.";
				INFOPLIST_KEY_UIApplicationSceneManifest_Generation = YES;
				INFOPLIST_KEY_UIApplicationSupportsIndirectInputEvents = YES;
				INFOPLIST_KEY_UILaunchScreen_Generation = YES;
				INFOPLIST_KEY_UISupportedInterfaceOrientations_iPad = "UIInterfaceOrientationPortrait UIInterfaceOrientationPortraitUpsideDown UIInterfaceOrientationLandscapeLeft UIInterfaceOrientationLandscapeRight";
				INFOPLIST_KEY_UISupportedInterfaceOrientations_iPhone = "UIInterfaceOrientationPortrait UIInterfaceOrientationLandscapeLeft UIInterfaceOrientationLandscapeRight";
				IPHONEOS_DEPLOYMENT_TARGET = 16.0;
				LD_RUNPATH_SEARCH_PATHS = (
					"$(inherited)",
					"@executable_path/Frameworks",
				);
				MARKETING_VERSION = 1.0;
				PRODUCT_BUNDLE_IDENTIFIER = com.HapticTest.HapticFeedBack;
				PRODUCT_NAME = "$(TARGET_NAME)";
				SWIFT_EMIT_LOC_STRINGS = YES;
				SWIFT_VERSION = 5.0;
				TARGETED_DEVICE_FAMILY = "1,2";
			};
			name = Release;
		};
		D9679D5E2BB02B5C009F99CB /* Debug */ = {
			isa = XCBuildConfiguration;
			buildSettings = {
				ALWAYS_EMBED_SWIFT_STANDARD_LIBRARIES = YES;
				BUNDLE_LOADER = "$(TEST_HOST)";
				CODE_SIGN_STYLE = Automatic;
				CURRENT_PROJECT_VERSION = 1;
				GENERATE_INFOPLIST_FILE = YES;
				IPHONEOS_DEPLOYMENT_TARGET = 17.0;
				MARKETING_VERSION = 1.0;
				PRODUCT_BUNDLE_IDENTIFIER = com.HapticTest.HapticFeedBackPOCTests;
				PRODUCT_NAME = "$(TARGET_NAME)";
				SWIFT_EMIT_LOC_STRINGS = NO;
				SWIFT_VERSION = 5.0;
				TARGETED_DEVICE_FAMILY = "1,2";
				TEST_HOST = "$(BUILT_PRODUCTS_DIR)/HapticFeedBackPOC.app/$(BUNDLE_EXECUTABLE_FOLDER_PATH)/HapticFeedBackPOC";
			};
			name = Debug;
		};
		D9679D5F2BB02B5C009F99CB /* Release */ = {
			isa = XCBuildConfiguration;
			buildSettings = {
				ALWAYS_EMBED_SWIFT_STANDARD_LIBRARIES = YES;
				BUNDLE_LOADER = "$(TEST_HOST)";
				CODE_SIGN_STYLE = Automatic;
				CURRENT_PROJECT_VERSION = 1;
				GENERATE_INFOPLIST_FILE = YES;
				IPHONEOS_DEPLOYMENT_TARGET = 17.0;
				MARKETING_VERSION = 1.0;
				PRODUCT_BUNDLE_IDENTIFIER = com.HapticTest.HapticFeedBackPOCTests;
				PRODUCT_NAME = "$(TARGET_NAME)";
				SWIFT_EMIT_LOC_STRINGS = NO;
				SWIFT_VERSION = 5.0;
				TARGETED_DEVICE_FAMILY = "1,2";
				TEST_HOST = "$(BUILT_PRODUCTS_DIR)/HapticFeedBackPOC.app/$(BUNDLE_EXECUTABLE_FOLDER_PATH)/HapticFeedBackPOC";
			};
			name = Release;
		};
		D9679D612BB02B5C009F99CB /* Debug */ = {
			isa = XCBuildConfiguration;
			buildSettings = {
				ALWAYS_EMBED_SWIFT_STANDARD_LIBRARIES = YES;
				CODE_SIGN_STYLE = Automatic;
				CURRENT_PROJECT_VERSION = 1;
				GENERATE_INFOPLIST_FILE = YES;
				MARKETING_VERSION = 1.0;
				PRODUCT_BUNDLE_IDENTIFIER = com.HapticTest.HapticFeedBackPOCUITests;
				PRODUCT_NAME = "$(TARGET_NAME)";
				SWIFT_EMIT_LOC_STRINGS = NO;
				SWIFT_VERSION = 5.0;
				TARGETED_DEVICE_FAMILY = "1,2";
				TEST_TARGET_NAME = HapticFeedBackPOC;
			};
			name = Debug;
		};
		D9679D622BB02B5C009F99CB /* Release */ = {
			isa = XCBuildConfiguration;
			buildSettings = {
				ALWAYS_EMBED_SWIFT_STANDARD_LIBRARIES = YES;
				CODE_SIGN_STYLE = Automatic;
				CURRENT_PROJECT_VERSION = 1;
				GENERATE_INFOPLIST_FILE = YES;
				MARKETING_VERSION = 1.0;
				PRODUCT_BUNDLE_IDENTIFIER = com.HapticTest.HapticFeedBackPOCUITests;
				PRODUCT_NAME = "$(TARGET_NAME)";
				SWIFT_EMIT_LOC_STRINGS = NO;
				SWIFT_VERSION = 5.0;
				TARGETED_DEVICE_FAMILY = "1,2";
				TEST_TARGET_NAME = HapticFeedBackPOC;
			};
			name = Release;
		};
/* End XCBuildConfiguration section */

/* Begin XCConfigurationList section */
		D9679D312BB02B58009F99CB /* Build configuration list for PBXProject "HapticFeedBackPOC" */ = {
			isa = XCConfigurationList;
			buildConfigurations = (
				D9679D582BB02B5C009F99CB /* Debug */,
				D9679D592BB02B5C009F99CB /* Release */,
			);
			defaultConfigurationIsVisible = 0;
			defaultConfigurationName = Release;
		};
		D9679D5A2BB02B5C009F99CB /* Build configuration list for PBXNativeTarget "HapticFeedBackPOC" */ = {
			isa = XCConfigurationList;
			buildConfigurations = (
				D9679D5B2BB02B5C009F99CB /* Debug */,
				D9679D5C2BB02B5C009F99CB /* Release */,
			);
			defaultConfigurationIsVisible = 0;
			defaultConfigurationName = Release;
		};
		D9679D5D2BB02B5C009F99CB /* Build configuration list for PBXNativeTarget "HapticFeedBackPOCTests" */ = {
			isa = XCConfigurationList;
			buildConfigurations = (
				D9679D5E2BB02B5C009F99CB /* Debug */,
				D9679D5F2BB02B5C009F99CB /* Release */,
			);
			defaultConfigurationIsVisible = 0;
			defaultConfigurationName = Release;
		};
		D9679D602BB02B5C009F99CB /* Build configuration list for PBXNativeTarget "HapticFeedBackPOCUITests" */ = {
			isa = XCConfigurationList;
			buildConfigurations = (
				D9679D612BB02B5C009F99CB /* Debug */,
				D9679D622BB02B5C009F99CB /* Release */,
			);
			defaultConfigurationIsVisible = 0;
			defaultConfigurationName = Release;
		};
/* End XCConfigurationList section */

/* Begin XCRemoteSwiftPackageReference section */
		D91CAC8B2BBEAF48006C6B3F /* XCRemoteSwiftPackageReference "Kingfisher" */ = {
			isa = XCRemoteSwiftPackageReference;
			repositoryURL = "https://github.com/onevcat/Kingfisher";
			requirement = {
				kind = upToNextMajorVersion;
				minimumVersion = 7.11.0;
			};
		};
		D9679D672BB02C6C009F99CB /* XCRemoteSwiftPackageReference "LottieForSwiftUI" */ = {
			isa = XCRemoteSwiftPackageReference;
			repositoryURL = "https://github.com/fatihdurmaz/LottieForSwiftUI";
			requirement = {
				branch = main;
				kind = branch;
			};
		};
		D9CE2CE62BBB63AD000B04C0 /* XCRemoteSwiftPackageReference "SDWebImageSwiftUI" */ = {
			isa = XCRemoteSwiftPackageReference;
			repositoryURL = "https://github.com/SDWebImage/SDWebImageSwiftUI.git";
			requirement = {
				kind = upToNextMajorVersion;
				minimumVersion = 3.0.2;
			};
		};
/* End XCRemoteSwiftPackageReference section */

/* Begin XCSwiftPackageProductDependency section */
		D91CAC8C2BBEAF48006C6B3F /* Kingfisher */ = {
			isa = XCSwiftPackageProductDependency;
			package = D91CAC8B2BBEAF48006C6B3F /* XCRemoteSwiftPackageReference "Kingfisher" */;
			productName = Kingfisher;
		};
		D9679D682BB02C6C009F99CB /* LottieForSwiftUI */ = {
			isa = XCSwiftPackageProductDependency;
			package = D9679D672BB02C6C009F99CB /* XCRemoteSwiftPackageReference "LottieForSwiftUI" */;
			productName = LottieForSwiftUI;
		};
		D9CE2CE72BBB63AD000B04C0 /* SDWebImageSwiftUI */ = {
			isa = XCSwiftPackageProductDependency;
			package = D9CE2CE62BBB63AD000B04C0 /* XCRemoteSwiftPackageReference "SDWebImageSwiftUI" */;
			productName = SDWebImageSwiftUI;
		};
/* End XCSwiftPackageProductDependency section */
	};
	rootObject = D9679D2E2BB02B58009F99CB /* Project object */;
}
